// !$*UTF8*$!
{
	archiveVersion = 1;
	classes = {
	};
	objectVersion = 46;
	objects = {

/* Begin PBXBuildFile section */
		501F1FF419B57E9600EECE15 /* FlickrViewController.m in Sources */ = {isa = PBXBuildFile; fileRef = 501F1FF319B57E9600EECE15 /* FlickrViewController.m */; };
		501F1FF719B5AEDF00EECE15 /* CollectionViewCell.m in Sources */ = {isa = PBXBuildFile; fileRef = 501F1FF619B5AEDF00EECE15 /* CollectionViewCell.m */; };
		50D3E5CE19B49BFB00684C90 /* Foundation.framework in Frameworks */ = {isa = PBXBuildFile; fileRef = 50D3E5CD19B49BFB00684C90 /* Foundation.framework */; };
		50D3E5D019B49BFB00684C90 /* CoreGraphics.framework in Frameworks */ = {isa = PBXBuildFile; fileRef = 50D3E5CF19B49BFB00684C90 /* CoreGraphics.framework */; };
		50D3E5D219B49BFB00684C90 /* UIKit.framework in Frameworks */ = {isa = PBXBuildFile; fileRef = 50D3E5D119B49BFB00684C90 /* UIKit.framework */; };
		50D3E5D819B49BFB00684C90 /* InfoPlist.strings in Resources */ = {isa = PBXBuildFile; fileRef = 50D3E5D619B49BFB00684C90 /* InfoPlist.strings */; };
		50D3E5DA19B49BFB00684C90 /* main.m in Sources */ = {isa = PBXBuildFile; fileRef = 50D3E5D919B49BFB00684C90 /* main.m */; };
		50D3E5DE19B49BFB00684C90 /* PSRAppDelegate.m in Sources */ = {isa = PBXBuildFile; fileRef = 50D3E5DD19B49BFB00684C90 /* PSRAppDelegate.m */; };
		50D3E5E119B49BFB00684C90 /* Main.storyboard in Resources */ = {isa = PBXBuildFile; fileRef = 50D3E5DF19B49BFB00684C90 /* Main.storyboard */; };
		50D3E5E619B49BFB00684C90 /* Images.xcassets in Resources */ = {isa = PBXBuildFile; fileRef = 50D3E5E519B49BFB00684C90 /* Images.xcassets */; };
		50D3E5ED19B49BFB00684C90 /* XCTest.framework in Frameworks */ = {isa = PBXBuildFile; fileRef = 50D3E5EC19B49BFB00684C90 /* XCTest.framework */; };
		50D3E5EE19B49BFB00684C90 /* Foundation.framework in Frameworks */ = {isa = PBXBuildFile; fileRef = 50D3E5CD19B49BFB00684C90 /* Foundation.framework */; };
		50D3E5EF19B49BFB00684C90 /* UIKit.framework in Frameworks */ = {isa = PBXBuildFile; fileRef = 50D3E5D119B49BFB00684C90 /* UIKit.framework */; };
		50D3E5F719B49BFB00684C90 /* InfoPlist.strings in Resources */ = {isa = PBXBuildFile; fileRef = 50D3E5F519B49BFB00684C90 /* InfoPlist.strings */; };
		50D3E5F919B49BFB00684C90 /* FlickrViewerTests.m in Sources */ = {isa = PBXBuildFile; fileRef = 50D3E5F819B49BFB00684C90 /* FlickrViewerTests.m */; };
		50D3E60A19B49C4900684C90 /* PSRClassWichPerformsAsyncOperations.m in Sources */ = {isa = PBXBuildFile; fileRef = 50D3E60319B49C4900684C90 /* PSRClassWichPerformsAsyncOperations.m */; };
		50D3E60B19B49C4900684C90 /* PSRFlickrAPI.m in Sources */ = {isa = PBXBuildFile; fileRef = 50D3E60519B49C4900684C90 /* PSRFlickrAPI.m */; };
		50D3E60C19B49C4900684C90 /* PSRFlickrPhoto.m in Sources */ = {isa = PBXBuildFile; fileRef = 50D3E60719B49C4900684C90 /* PSRFlickrPhoto.m */; };
		50D3E60D19B49C4900684C90 /* PSRFlickrSearchOptions.m in Sources */ = {isa = PBXBuildFile; fileRef = 50D3E60919B49C4900684C90 /* PSRFlickrSearchOptions.m */; };
/* End PBXBuildFile section */

/* Begin PBXContainerItemProxy section */
		50D3E5F019B49BFB00684C90 /* PBXContainerItemProxy */ = {
			isa = PBXContainerItemProxy;
			containerPortal = 50D3E5C219B49BFB00684C90 /* Project object */;
			proxyType = 1;
			remoteGlobalIDString = 50D3E5C919B49BFB00684C90;
			remoteInfo = FlickrViewer;
		};
/* End PBXContainerItemProxy section */

/* Begin PBXFileReference section */
		501F1FF219B57E9600EECE15 /* FlickrViewController.h */ = {isa = PBXFileReference; fileEncoding = 4; lastKnownFileType = sourcecode.c.h; path = FlickrViewController.h; sourceTree = "<group>"; };
		501F1FF319B57E9600EECE15 /* FlickrViewController.m */ = {isa = PBXFileReference; fileEncoding = 4; lastKnownFileType = sourcecode.c.objc; path = FlickrViewController.m; sourceTree = "<group>"; };
		501F1FF519B5AEDF00EECE15 /* CollectionViewCell.h */ = {isa = PBXFileReference; fileEncoding = 4; lastKnownFileType = sourcecode.c.h; path = CollectionViewCell.h; sourceTree = "<group>"; };
		501F1FF619B5AEDF00EECE15 /* CollectionViewCell.m */ = {isa = PBXFileReference; fileEncoding = 4; lastKnownFileType = sourcecode.c.objc; path = CollectionViewCell.m; sourceTree = "<group>"; };
		50D3E5CA19B49BFB00684C90 /* FlickrViewer.app */ = {isa = PBXFileReference; explicitFileType = wrapper.application; includeInIndex = 0; path = FlickrViewer.app; sourceTree = BUILT_PRODUCTS_DIR; };
		50D3E5CD19B49BFB00684C90 /* Foundation.framework */ = {isa = PBXFileReference; lastKnownFileType = wrapper.framework; name = Foundation.framework; path = System/Library/Frameworks/Foundation.framework; sourceTree = SDKROOT; };
		50D3E5CF19B49BFB00684C90 /* CoreGraphics.framework */ = {isa = PBXFileReference; lastKnownFileType = wrapper.framework; name = CoreGraphics.framework; path = System/Library/Frameworks/CoreGraphics.framework; sourceTree = SDKROOT; };
		50D3E5D119B49BFB00684C90 /* UIKit.framework */ = {isa = PBXFileReference; lastKnownFileType = wrapper.framework; name = UIKit.framework; path = System/Library/Frameworks/UIKit.framework; sourceTree = SDKROOT; };
		50D3E5D519B49BFB00684C90 /* FlickrViewer-Info.plist */ = {isa = PBXFileReference; lastKnownFileType = text.plist.xml; path = "FlickrViewer-Info.plist"; sourceTree = "<group>"; };
		50D3E5D719B49BFB00684C90 /* en */ = {isa = PBXFileReference; lastKnownFileType = text.plist.strings; name = en; path = en.lproj/InfoPlist.strings; sourceTree = "<group>"; };
		50D3E5D919B49BFB00684C90 /* main.m */ = {isa = PBXFileReference; lastKnownFileType = sourcecode.c.objc; path = main.m; sourceTree = "<group>"; };
		50D3E5DB19B49BFB00684C90 /* FlickrViewer-Prefix.pch */ = {isa = PBXFileReference; lastKnownFileType = sourcecode.c.h; path = "FlickrViewer-Prefix.pch"; sourceTree = "<group>"; };
		50D3E5DC19B49BFB00684C90 /* PSRAppDelegate.h */ = {isa = PBXFileReference; lastKnownFileType = sourcecode.c.h; path = PSRAppDelegate.h; sourceTree = "<group>"; };
		50D3E5DD19B49BFB00684C90 /* PSRAppDelegate.m */ = {isa = PBXFileReference; lastKnownFileType = sourcecode.c.objc; path = PSRAppDelegate.m; sourceTree = "<group>"; };
		50D3E5E019B49BFB00684C90 /* Base */ = {isa = PBXFileReference; lastKnownFileType = file.storyboard; name = Base; path = Base.lproj/Main.storyboard; sourceTree = "<group>"; };
		50D3E5E519B49BFB00684C90 /* Images.xcassets */ = {isa = PBXFileReference; lastKnownFileType = folder.assetcatalog; path = Images.xcassets; sourceTree = "<group>"; };
		50D3E5EB19B49BFB00684C90 /* FlickrViewerTests.xctest */ = {isa = PBXFileReference; explicitFileType = wrapper.cfbundle; includeInIndex = 0; path = FlickrViewerTests.xctest; sourceTree = BUILT_PRODUCTS_DIR; };
		50D3E5EC19B49BFB00684C90 /* XCTest.framework */ = {isa = PBXFileReference; lastKnownFileType = wrapper.framework; name = XCTest.framework; path = Library/Frameworks/XCTest.framework; sourceTree = DEVELOPER_DIR; };
		50D3E5F419B49BFB00684C90 /* FlickrViewerTests-Info.plist */ = {isa = PBXFileReference; lastKnownFileType = text.plist.xml; path = "FlickrViewerTests-Info.plist"; sourceTree = "<group>"; };
		50D3E5F619B49BFB00684C90 /* en */ = {isa = PBXFileReference; lastKnownFileType = text.plist.strings; name = en; path = en.lproj/InfoPlist.strings; sourceTree = "<group>"; };
		50D3E5F819B49BFB00684C90 /* FlickrViewerTests.m */ = {isa = PBXFileReference; lastKnownFileType = sourcecode.c.objc; path = FlickrViewerTests.m; sourceTree = "<group>"; };
		50D3E60219B49C4900684C90 /* PSRClassWichPerformsAsyncOperations.h */ = {isa = PBXFileReference; fileEncoding = 4; lastKnownFileType = sourcecode.c.h; path = PSRClassWichPerformsAsyncOperations.h; sourceTree = "<group>"; };
		50D3E60319B49C4900684C90 /* PSRClassWichPerformsAsyncOperations.m */ = {isa = PBXFileReference; fileEncoding = 4; lastKnownFileType = sourcecode.c.objc; path = PSRClassWichPerformsAsyncOperations.m; sourceTree = "<group>"; };
		50D3E60419B49C4900684C90 /* PSRFlickrAPI.h */ = {isa = PBXFileReference; fileEncoding = 4; lastKnownFileType = sourcecode.c.h; path = PSRFlickrAPI.h; sourceTree = "<group>"; };
		50D3E60519B49C4900684C90 /* PSRFlickrAPI.m */ = {isa = PBXFileReference; fileEncoding = 4; lastKnownFileType = sourcecode.c.objc; path = PSRFlickrAPI.m; sourceTree = "<group>"; };
		50D3E60619B49C4900684C90 /* PSRFlickrPhoto.h */ = {isa = PBXFileReference; fileEncoding = 4; lastKnownFileType = sourcecode.c.h; path = PSRFlickrPhoto.h; sourceTree = "<group>"; };
		50D3E60719B49C4900684C90 /* PSRFlickrPhoto.m */ = {isa = PBXFileReference; fileEncoding = 4; lastKnownFileType = sourcecode.c.objc; path = PSRFlickrPhoto.m; sourceTree = "<group>"; };
		50D3E60819B49C4900684C90 /* PSRFlickrSearchOptions.h */ = {isa = PBXFileReference; fileEncoding = 4; lastKnownFileType = sourcecode.c.h; path = PSRFlickrSearchOptions.h; sourceTree = "<group>"; };
		50D3E60919B49C4900684C90 /* PSRFlickrSearchOptions.m */ = {isa = PBXFileReference; fileEncoding = 4; lastKnownFileType = sourcecode.c.objc; path = PSRFlickrSearchOptions.m; sourceTree = "<group>"; };
/* End PBXFileReference section */

/* Begin PBXFrameworksBuildPhase section */
		50D3E5C719B49BFB00684C90 /* Frameworks */ = {
			isa = PBXFrameworksBuildPhase;
			buildActionMask = 2147483647;
			files = (
				50D3E5D019B49BFB00684C90 /* CoreGraphics.framework in Frameworks */,
				50D3E5D219B49BFB00684C90 /* UIKit.framework in Frameworks */,
				50D3E5CE19B49BFB00684C90 /* Foundation.framework in Frameworks */,
			);
			runOnlyForDeploymentPostprocessing = 0;
		};
		50D3E5E819B49BFB00684C90 /* Frameworks */ = {
			isa = PBXFrameworksBuildPhase;
			buildActionMask = 2147483647;
			files = (
				50D3E5ED19B49BFB00684C90 /* XCTest.framework in Frameworks */,
				50D3E5EF19B49BFB00684C90 /* UIKit.framework in Frameworks */,
				50D3E5EE19B49BFB00684C90 /* Foundation.framework in Frameworks */,
			);
			runOnlyForDeploymentPostprocessing = 0;
		};
/* End PBXFrameworksBuildPhase section */

/* Begin PBXGroup section */
		50D3E5C119B49BFB00684C90 = {
			isa = PBXGroup;
			children = (
				50D3E60E19B49C5000684C90 /* FlickrAPi */,
				50D3E5D319B49BFB00684C90 /* FlickrViewer */,
				50D3E5F219B49BFB00684C90 /* FlickrViewerTests */,
				50D3E5CC19B49BFB00684C90 /* Frameworks */,
				50D3E5CB19B49BFB00684C90 /* Products */,
			);
			sourceTree = "<group>";
		};
		50D3E5CB19B49BFB00684C90 /* Products */ = {
			isa = PBXGroup;
			children = (
				50D3E5CA19B49BFB00684C90 /* FlickrViewer.app */,
				50D3E5EB19B49BFB00684C90 /* FlickrViewerTests.xctest */,
			);
			name = Products;
			sourceTree = "<group>";
		};
		50D3E5CC19B49BFB00684C90 /* Frameworks */ = {
			isa = PBXGroup;
			children = (
				50D3E5CD19B49BFB00684C90 /* Foundation.framework */,
				50D3E5CF19B49BFB00684C90 /* CoreGraphics.framework */,
				50D3E5D119B49BFB00684C90 /* UIKit.framework */,
				50D3E5EC19B49BFB00684C90 /* XCTest.framework */,
			);
			name = Frameworks;
			sourceTree = "<group>";
		};
		50D3E5D319B49BFB00684C90 /* FlickrViewer */ = {
			isa = PBXGroup;
			children = (
				50D3E5DC19B49BFB00684C90 /* PSRAppDelegate.h */,
				50D3E5DD19B49BFB00684C90 /* PSRAppDelegate.m */,
				501F1FF219B57E9600EECE15 /* FlickrViewController.h */,
				501F1FF319B57E9600EECE15 /* FlickrViewController.m */,
				501F1FF519B5AEDF00EECE15 /* CollectionViewCell.h */,
				501F1FF619B5AEDF00EECE15 /* CollectionViewCell.m */,
				50D3E5DF19B49BFB00684C90 /* Main.storyboard */,
				50D3E5E519B49BFB00684C90 /* Images.xcassets */,
				50D3E5D419B49BFB00684C90 /* Supporting Files */,
			);
			path = FlickrViewer;
			sourceTree = "<group>";
		};
		50D3E5D419B49BFB00684C90 /* Supporting Files */ = {
			isa = PBXGroup;
			children = (
				50D3E5D519B49BFB00684C90 /* FlickrViewer-Info.plist */,
				50D3E5D619B49BFB00684C90 /* InfoPlist.strings */,
				50D3E5D919B49BFB00684C90 /* main.m */,
				50D3E5DB19B49BFB00684C90 /* FlickrViewer-Prefix.pch */,
			);
			name = "Supporting Files";
			sourceTree = "<group>";
		};
		50D3E5F219B49BFB00684C90 /* FlickrViewerTests */ = {
			isa = PBXGroup;
			children = (
				50D3E5F819B49BFB00684C90 /* FlickrViewerTests.m */,
				50D3E5F319B49BFB00684C90 /* Supporting Files */,
			);
			path = FlickrViewerTests;
			sourceTree = "<group>";
		};
		50D3E5F319B49BFB00684C90 /* Supporting Files */ = {
			isa = PBXGroup;
			children = (
				50D3E5F419B49BFB00684C90 /* FlickrViewerTests-Info.plist */,
				50D3E5F519B49BFB00684C90 /* InfoPlist.strings */,
			);
			name = "Supporting Files";
			sourceTree = "<group>";
		};
		50D3E60E19B49C5000684C90 /* FlickrAPi */ = {
			isa = PBXGroup;
			children = (
				50D3E60219B49C4900684C90 /* PSRClassWichPerformsAsyncOperations.h */,
				50D3E60319B49C4900684C90 /* PSRClassWichPerformsAsyncOperations.m */,
				50D3E60419B49C4900684C90 /* PSRFlickrAPI.h */,
				50D3E60519B49C4900684C90 /* PSRFlickrAPI.m */,
				50D3E60619B49C4900684C90 /* PSRFlickrPhoto.h */,
				50D3E60719B49C4900684C90 /* PSRFlickrPhoto.m */,
				50D3E60819B49C4900684C90 /* PSRFlickrSearchOptions.h */,
				50D3E60919B49C4900684C90 /* PSRFlickrSearchOptions.m */,
			);
			name = FlickrAPi;
			path = FlickrViewer;
			sourceTree = "<group>";
		};
/* End PBXGroup section */

/* Begin PBXNativeTarget section */
		50D3E5C919B49BFB00684C90 /* FlickrViewer */ = {
			isa = PBXNativeTarget;
			buildConfigurationList = 50D3E5FC19B49BFB00684C90 /* Build configuration list for PBXNativeTarget "FlickrViewer" */;
			buildPhases = (
				50D3E5C619B49BFB00684C90 /* Sources */,
				50D3E5C719B49BFB00684C90 /* Frameworks */,
				50D3E5C819B49BFB00684C90 /* Resources */,
			);
			buildRules = (
			);
			dependencies = (
			);
			name = FlickrViewer;
			productName = FlickrViewer;
			productReference = 50D3E5CA19B49BFB00684C90 /* FlickrViewer.app */;
			productType = "com.apple.product-type.application";
		};
		50D3E5EA19B49BFB00684C90 /* FlickrViewerTests */ = {
			isa = PBXNativeTarget;
			buildConfigurationList = 50D3E5FF19B49BFB00684C90 /* Build configuration list for PBXNativeTarget "FlickrViewerTests" */;
			buildPhases = (
				50D3E5E719B49BFB00684C90 /* Sources */,
				50D3E5E819B49BFB00684C90 /* Frameworks */,
				50D3E5E919B49BFB00684C90 /* Resources */,
			);
			buildRules = (
			);
			dependencies = (
				50D3E5F119B49BFB00684C90 /* PBXTargetDependency */,
			);
			name = FlickrViewerTests;
			productName = FlickrViewerTests;
			productReference = 50D3E5EB19B49BFB00684C90 /* FlickrViewerTests.xctest */;
			productType = "com.apple.product-type.bundle.unit-test";
		};
/* End PBXNativeTarget section */

/* Begin PBXProject section */
		50D3E5C219B49BFB00684C90 /* Project object */ = {
			isa = PBXProject;
			attributes = {
				CLASSPREFIX = PSR;
				LastUpgradeCheck = 0510;
				ORGANIZATIONNAME = "Ivan Magda";
				TargetAttributes = {
					50D3E5EA19B49BFB00684C90 = {
						TestTargetID = 50D3E5C919B49BFB00684C90;
					};
				};
			};
			buildConfigurationList = 50D3E5C519B49BFB00684C90 /* Build configuration list for PBXProject "FlickrViewer" */;
			compatibilityVersion = "Xcode 3.2";
			developmentRegion = English;
			hasScannedForEncodings = 0;
			knownRegions = (
				en,
				Base,
			);
			mainGroup = 50D3E5C119B49BFB00684C90;
			productRefGroup = 50D3E5CB19B49BFB00684C90 /* Products */;
			projectDirPath = "";
			projectRoot = "";
			targets = (
				50D3E5C919B49BFB00684C90 /* FlickrViewer */,
				50D3E5EA19B49BFB00684C90 /* FlickrViewerTests */,
			);
		};
/* End PBXProject section */

/* Begin PBXResourcesBuildPhase section */
		50D3E5C819B49BFB00684C90 /* Resources */ = {
			isa = PBXResourcesBuildPhase;
			buildActionMask = 2147483647;
			files = (
				50D3E5E619B49BFB00684C90 /* Images.xcassets in Resources */,
				50D3E5D819B49BFB00684C90 /* InfoPlist.strings in Resources */,
				50D3E5E119B49BFB00684C90 /* Main.storyboard in Resources */,
			);
			runOnlyForDeploymentPostprocessing = 0;
		};
		50D3E5E919B49BFB00684C90 /* Resources */ = {
			isa = PBXResourcesBuildPhase;
			buildActionMask = 2147483647;
			files = (
				50D3E5F719B49BFB00684C90 /* InfoPlist.strings in Resources */,
			);
			runOnlyForDeploymentPostprocessing = 0;
		};
/* End PBXResourcesBuildPhase section */

/* Begin PBXSourcesBuildPhase section */
		50D3E5C619B49BFB00684C90 /* Sources */ = {
			isa = PBXSourcesBuildPhase;
			buildActionMask = 2147483647;
			files = (
				501F1FF419B57E9600EECE15 /* FlickrViewController.m in Sources */,
				50D3E5DE19B49BFB00684C90 /* PSRAppDelegate.m in Sources */,
				50D3E60C19B49C4900684C90 /* PSRFlickrPhoto.m in Sources */,
				50D3E60A19B49C4900684C90 /* PSRClassWichPerformsAsyncOperations.m in Sources */,
				50D3E5DA19B49BFB00684C90 /* main.m in Sources */,
				50D3E60B19B49C4900684C90 /* PSRFlickrAPI.m in Sources */,
				501F1FF719B5AEDF00EECE15 /* CollectionViewCell.m in Sources */,
				50D3E60D19B49C4900684C90 /* PSRFlickrSearchOptions.m in Sources */,
			);
			runOnlyForDeploymentPostprocessing = 0;
		};
		50D3E5E719B49BFB00684C90 /* Sources */ = {
			isa = PBXSourcesBuildPhase;
			buildActionMask = 2147483647;
			files = (
				50D3E5F919B49BFB00684C90 /* FlickrViewerTests.m in Sources */,
			);
			runOnlyForDeploymentPostprocessing = 0;
		};
/* End PBXSourcesBuildPhase section */

/* Begin PBXTargetDependency section */
		50D3E5F119B49BFB00684C90 /* PBXTargetDependency */ = {
			isa = PBXTargetDependency;
			target = 50D3E5C919B49BFB00684C90 /* FlickrViewer */;
			targetProxy = 50D3E5F019B49BFB00684C90 /* PBXContainerItemProxy */;
		};
/* End PBXTargetDependency section */

/* Begin PBXVariantGroup section */
		50D3E5D619B49BFB00684C90 /* InfoPlist.strings */ = {
			isa = PBXVariantGroup;
			children = (
				50D3E5D719B49BFB00684C90 /* en */,
			);
			name = InfoPlist.strings;
			sourceTree = "<group>";
		};
		50D3E5DF19B49BFB00684C90 /* Main.storyboard */ = {
			isa = PBXVariantGroup;
			children = (
				50D3E5E019B49BFB00684C90 /* Base */,
			);
			name = Main.storyboard;
			sourceTree = "<group>";
		};
		50D3E5F519B49BFB00684C90 /* InfoPlist.strings */ = {
			isa = PBXVariantGroup;
			children = (
				50D3E5F619B49BFB00684C90 /* en */,
			);
			name = InfoPlist.strings;
			sourceTree = "<group>";
		};
/* End PBXVariantGroup section */

/* Begin XCBuildConfiguration section */
		50D3E5FA19B49BFB00684C90 /* Debug */ = {
			isa = XCBuildConfiguration;
			buildSettings = {
				ALWAYS_SEARCH_USER_PATHS = NO;
				CLANG_CXX_LANGUAGE_STANDARD = "gnu++0x";
				CLANG_CXX_LIBRARY = "libc++";
				CLANG_ENABLE_MODULES = YES;
				CLANG_ENABLE_OBJC_ARC = YES;
				CLANG_WARN_BOOL_CONVERSION = YES;
				CLANG_WARN_CONSTANT_CONVERSION = YES;
				CLANG_WARN_DIRECT_OBJC_ISA_USAGE = YES_ERROR;
				CLANG_WARN_EMPTY_BODY = YES;
				CLANG_WARN_ENUM_CONVERSION = YES;
				CLANG_WARN_INT_CONVERSION = YES;
				CLANG_WARN_OBJC_ROOT_CLASS = YES_ERROR;
				CLANG_WARN__DUPLICATE_METHOD_MATCH = YES;
				"CODE_SIGN_IDENTITY[sdk=iphoneos*]" = "iPhone Developer";
				COPY_PHASE_STRIP = NO;
				GCC_C_LANGUAGE_STANDARD = gnu99;
				GCC_DYNAMIC_NO_PIC = NO;
				GCC_OPTIMIZATION_LEVEL = 0;
				GCC_PREPROCESSOR_DEFINITIONS = (
					"DEBUG=1",
					"$(inherited)",
				);
				GCC_SYMBOLS_PRIVATE_EXTERN = NO;
				GCC_WARN_64_TO_32_BIT_CONVERSION = YES;
				GCC_WARN_ABOUT_RETURN_TYPE = YES_ERROR;
				GCC_WARN_UNDECLARED_SELECTOR = YES;
				GCC_WARN_UNINITIALIZED_AUTOS = YES_AGGRESSIVE;
				GCC_WARN_UNUSED_FUNCTION = YES;
				GCC_WARN_UNUSED_VARIABLE = YES;
				IPHONEOS_DEPLOYMENT_TARGET = 7.1;
				ONLY_ACTIVE_ARCH = YES;
				SDKROOT = iphoneos;
			};
			name = Debug;
		};
		50D3E5FB19B49BFB00684C90 /* Release */ = {
			isa = XCBuildConfiguration;
			buildSettings = {
				ALWAYS_SEARCH_USER_PATHS = NO;
				CLANG_CXX_LANGUAGE_STANDARD = "gnu++0x";
				CLANG_CXX_LIBRARY = "libc++";
				CLANG_ENABLE_MODULES = YES;
				CLANG_ENABLE_OBJC_ARC = YES;
				CLANG_WARN_BOOL_CONVERSION = YES;
				CLANG_WARN_CONSTANT_CONVERSION = YES;
				CLANG_WARN_DIRECT_OBJC_ISA_USAGE = YES_ERROR;
				CLANG_WARN_EMPTY_BODY = YES;
				CLANG_WARN_ENUM_CONVERSION = YES;
				CLANG_WARN_INT_CONVERSION = YES;
				CLANG_WARN_OBJC_ROOT_CLASS = YES_ERROR;
				CLANG_WARN__DUPLICATE_METHOD_MATCH = YES;
				"CODE_SIGN_IDENTITY[sdk=iphoneos*]" = "iPhone Developer";
				COPY_PHASE_STRIP = YES;
				ENABLE_NS_ASSERTIONS = NO;
				GCC_C_LANGUAGE_STANDARD = gnu99;
				GCC_WARN_64_TO_32_BIT_CONVERSION = YES;
				GCC_WARN_ABOUT_RETURN_TYPE = YES_ERROR;
				GCC_WARN_UNDECLARED_SELECTOR = YES;
				GCC_WARN_UNINITIALIZED_AUTOS = YES_AGGRESSIVE;
				GCC_WARN_UNUSED_FUNCTION = YES;
				GCC_WARN_UNUSED_VARIABLE = YES;
				IPHONEOS_DEPLOYMENT_TARGET = 7.1;
				SDKROOT = iphoneos;
				VALIDATE_PRODUCT = YES;
			};
			name = Release;
		};
		50D3E5FD19B49BFB00684C90 /* Debug */ = {
			isa = XCBuildConfiguration;
			buildSettings = {
				ASSETCATALOG_COMPILER_APPICON_NAME = AppIcon;
				ASSETCATALOG_COMPILER_LAUNCHIMAGE_NAME = LaunchImage;
				GCC_PRECOMPILE_PREFIX_HEADER = YES;
				GCC_PREFIX_HEADER = "FlickrViewer/FlickrViewer-Prefix.pch";
				INFOPLIST_FILE = "FlickrViewer/FlickrViewer-Info.plist";
				PRODUCT_NAME = "$(TARGET_NAME)";
				WRAPPER_EXTENSION = app;
			};
			name = Debug;
		};
		50D3E5FE19B49BFB00684C90 /* Release */ = {
			isa = XCBuildConfiguration;
			buildSettings = {
				ASSETCATALOG_COMPILER_APPICON_NAME = AppIcon;
				ASSETCATALOG_COMPILER_LAUNCHIMAGE_NAME = LaunchImage;
				GCC_PRECOMPILE_PREFIX_HEADER = YES;
				GCC_PREFIX_HEADER = "FlickrViewer/FlickrViewer-Prefix.pch";
				INFOPLIST_FILE = "FlickrViewer/FlickrViewer-Info.plist";
				PRODUCT_NAME = "$(TARGET_NAME)";
				WRAPPER_EXTENSION = app;
			};
			name = Release;
		};
		50D3E60019B49BFB00684C90 /* Debug */ = {
			isa = XCBuildConfiguration;
			buildSettings = {
				BUNDLE_LOADER = "$(BUILT_PRODUCTS_DIR)/FlickrViewer.app/FlickrViewer";
				FRAMEWORK_SEARCH_PATHS = (
					"$(SDKROOT)/Developer/Library/Frameworks",
					"$(inherited)",
					"$(DEVELOPER_FRAMEWORKS_DIR)",
				);
				GCC_PRECOMPILE_PREFIX_HEADER = YES;
				GCC_PREFIX_HEADER = "FlickrViewer/FlickrViewer-Prefix.pch";
				GCC_PREPROCESSOR_DEFINITIONS = (
					"DEBUG=1",
					"$(inherited)",
				);
				INFOPLIST_FILE = "FlickrViewerTests/FlickrViewerTests-Info.plist";
				PRODUCT_NAME = "$(TARGET_NAME)";
				TEST_HOST = "$(BUNDLE_LOADER)";
				WRAPPER_EXTENSION = xctest;
			};
			name = Debug;
		};
		50D3E60119B49BFB00684C90 /* Release */ = {
			isa = XCBuildConfiguration;
			buildSettings = {
				BUNDLE_LOADER = "$(BUILT_PRODUCTS_DIR)/FlickrViewer.app/FlickrViewer";
				FRAMEWORK_SEARCH_PATHS = (
					"$(SDKROOT)/Developer/Library/Frameworks",
					"$(inherited)",
					"$(DEVELOPER_FRAMEWORKS_DIR)",
				);
				GCC_PRECOMPILE_PREFIX_HEADER = YES;
				GCC_PREFIX_HEADER = "FlickrViewer/FlickrViewer-Prefix.pch";
				INFOPLIST_FILE = "FlickrViewerTests/FlickrViewerTests-Info.plist";
				PRODUCT_NAME = "$(TARGET_NAME)";
				TEST_HOST = "$(BUNDLE_LOADER)";
				WRAPPER_EXTENSION = xctest;
			};
			name = Release;
		};
/* End XCBuildConfiguration section */

/* Begin XCConfigurationList section */
		50D3E5C519B49BFB00684C90 /* Build configuration list for PBXProject "FlickrViewer" */ = {
			isa = XCConfigurationList;
			buildConfigurations = (
				50D3E5FA19B49BFB00684C90 /* Debug */,
				50D3E5FB19B49BFB00684C90 /* Release */,
			);
			defaultConfigurationIsVisible = 0;
			defaultConfigurationName = Release;
		};
		50D3E5FC19B49BFB00684C90 /* Build configuration list for PBXNativeTarget "FlickrViewer" */ = {
			isa = XCConfigurationList;
			buildConfigurations = (
				50D3E5FD19B49BFB00684C90 /* Debug */,
				50D3E5FE19B49BFB00684C90 /* Release */,
			);
			defaultConfigurationIsVisible = 0;
			defaultConfigurationName = Release;
		};
		50D3E5FF19B49BFB00684C90 /* Build configuration list for PBXNativeTarget "FlickrViewerTests" */ = {
			isa = XCConfigurationList;
			buildConfigurations = (
				50D3E60019B49BFB00684C90 /* Debug */,
				50D3E60119B49BFB00684C90 /* Release */,
			);
			defaultConfigurationIsVisible = 0;
			defaultConfigurationName = Release;
		};
/* End XCConfigurationList section */
	};
	rootObject = 50D3E5C219B49BFB00684C90 /* Project object */;
}
